// !$*UTF8*$!
{
	archiveVersion = 1;
	classes = {
	};
	objectVersion = 46;
	objects = {

/* Begin PBXBuildFile section */
		AF3029141A562DB800EC8665 /* AppDelegate.swift in Sources */ = {isa = PBXBuildFile; fileRef = AF3029131A562DB800EC8665 /* AppDelegate.swift */; };
		AF3029161A562DB800EC8665 /* ViewController.swift in Sources */ = {isa = PBXBuildFile; fileRef = AF3029151A562DB800EC8665 /* ViewController.swift */; };
		AF3029191A562DB800EC8665 /* Main.storyboard in Resources */ = {isa = PBXBuildFile; fileRef = AF3029171A562DB800EC8665 /* Main.storyboard */; };
		AF30291B1A562DB900EC8665 /* Images.xcassets in Resources */ = {isa = PBXBuildFile; fileRef = AF30291A1A562DB900EC8665 /* Images.xcassets */; };
		AF30291E1A562DB900EC8665 /* LaunchScreen.xib in Resources */ = {isa = PBXBuildFile; fileRef = AF30291C1A562DB900EC8665 /* LaunchScreen.xib */; };
		AF30292A1A562DB900EC8665 /* PostcardTests.swift in Sources */ = {isa = PBXBuildFile; fileRef = AF3029291A562DB900EC8665 /* PostcardTests.swift */; };
		AFEA88031A563638001775F5 /* SagradaFamilia.jpeg in Resources */ = {isa = PBXBuildFile; fileRef = AFEA88021A563638001775F5 /* SagradaFamilia.jpeg */; };
		AFEA88051A563891001775F5 /* AlbertEinsteinStamp.jpg in Resources */ = {isa = PBXBuildFile; fileRef = AFEA88041A563891001775F5 /* AlbertEinsteinStamp.jpg */; };
/* End PBXBuildFile section */

/* Begin PBXContainerItemProxy section */
		AF3029241A562DB900EC8665 /* PBXContainerItemProxy */ = {
			isa = PBXContainerItemProxy;
			containerPortal = AF3029061A562DB800EC8665 /* Project object */;
			proxyType = 1;
			remoteGlobalIDString = AF30290D1A562DB800EC8665;
			remoteInfo = Postcard;
		};
/* End PBXContainerItemProxy section */

/* Begin PBXFileReference section */
		AF30290E1A562DB800EC8665 /* Postcard.app */ = {isa = PBXFileReference; explicitFileType = wrapper.application; includeInIndex = 0; path = Postcard.app; sourceTree = BUILT_PRODUCTS_DIR; };
		AF3029121A562DB800EC8665 /* Info.plist */ = {isa = PBXFileReference; lastKnownFileType = text.plist.xml; path = Info.plist; sourceTree = "<group>"; };
		AF3029131A562DB800EC8665 /* AppDelegate.swift */ = {isa = PBXFileReference; lastKnownFileType = sourcecode.swift; path = AppDelegate.swift; sourceTree = "<group>"; };
		AF3029151A562DB800EC8665 /* ViewController.swift */ = {isa = PBXFileReference; lastKnownFileType = sourcecode.swift; path = ViewController.swift; sourceTree = "<group>"; };
		AF3029181A562DB800EC8665 /* Base */ = {isa = PBXFileReference; lastKnownFileType = file.storyboard; name = Base; path = Base.lproj/Main.storyboard; sourceTree = "<group>"; };
		AF30291A1A562DB900EC8665 /* Images.xcassets */ = {isa = PBXFileReference; lastKnownFileType = folder.assetcatalog; path = Images.xcassets; sourceTree = "<group>"; };
		AF30291D1A562DB900EC8665 /* Base */ = {isa = PBXFileReference; lastKnownFileType = file.xib; name = Base; path = Base.lproj/LaunchScreen.xib; sourceTree = "<group>"; };
		AF3029231A562DB900EC8665 /* PostcardTests.xctest */ = {isa = PBXFileReference; explicitFileType = wrapper.cfbundle; includeInIndex = 0; path = PostcardTests.xctest; sourceTree = BUILT_PRODUCTS_DIR; };
		AF3029281A562DB900EC8665 /* Info.plist */ = {isa = PBXFileReference; lastKnownFileType = text.plist.xml; path = Info.plist; sourceTree = "<group>"; };
		AF3029291A562DB900EC8665 /* PostcardTests.swift */ = {isa = PBXFileReference; lastKnownFileType = sourcecode.swift; path = PostcardTests.swift; sourceTree = "<group>"; };
		AFEA88021A563638001775F5 /* SagradaFamilia.jpeg */ = {isa = PBXFileReference; lastKnownFileType = image.jpeg; path = SagradaFamilia.jpeg; sourceTree = "<group>"; };
		AFEA88041A563891001775F5 /* AlbertEinsteinStamp.jpg */ = {isa = PBXFileReference; lastKnownFileType = image.jpeg; path = AlbertEinsteinStamp.jpg; sourceTree = "<group>"; };
/* End PBXFileReference section */

/* Begin PBXFrameworksBuildPhase section */
		AF30290B1A562DB800EC8665 /* Frameworks */ = {
			isa = PBXFrameworksBuildPhase;
			buildActionMask = 2147483647;
			files = (
			);
			runOnlyForDeploymentPostprocessing = 0;
		};
		AF3029201A562DB900EC8665 /* Frameworks */ = {
			isa = PBXFrameworksBuildPhase;
			buildActionMask = 2147483647;
			files = (
			);
			runOnlyForDeploymentPostprocessing = 0;
		};
/* End PBXFrameworksBuildPhase section */

/* Begin PBXGroup section */
		AF3029051A562DB800EC8665 = {
			isa = PBXGroup;
			children = (
				AF3029101A562DB800EC8665 /* Postcard */,
				AF3029261A562DB900EC8665 /* PostcardTests */,
				AF30290F1A562DB800EC8665 /* Products */,
			);
			sourceTree = "<group>";
		};
		AF30290F1A562DB800EC8665 /* Products */ = {
			isa = PBXGroup;
			children = (
				AF30290E1A562DB800EC8665 /* Postcard.app */,
				AF3029231A562DB900EC8665 /* PostcardTests.xctest */,
			);
			name = Products;
			sourceTree = "<group>";
		};
		AF3029101A562DB800EC8665 /* Postcard */ = {
			isa = PBXGroup;
			children = (
				AF3029131A562DB800EC8665 /* AppDelegate.swift */,
				AF3029151A562DB800EC8665 /* ViewController.swift */,
				AF3029171A562DB800EC8665 /* Main.storyboard */,
				AF30291A1A562DB900EC8665 /* Images.xcassets */,
				AF30291C1A562DB900EC8665 /* LaunchScreen.xib */,
				AF3029111A562DB800EC8665 /* Supporting Files */,
			);
			path = Postcard;
			sourceTree = "<group>";
		};
		AF3029111A562DB800EC8665 /* Supporting Files */ = {
			isa = PBXGroup;
			children = (
				AFEA88041A563891001775F5 /* AlbertEinsteinStamp.jpg */,
				AFEA88021A563638001775F5 /* SagradaFamilia.jpeg */,
				AF3029121A562DB800EC8665 /* Info.plist */,
			);
			name = "Supporting Files";
			sourceTree = "<group>";
		};
		AF3029261A562DB900EC8665 /* PostcardTests */ = {
			isa = PBXGroup;
			children = (
				AF3029291A562DB900EC8665 /* PostcardTests.swift */,
				AF3029271A562DB900EC8665 /* Supporting Files */,
			);
			path = PostcardTests;
			sourceTree = "<group>";
		};
		AF3029271A562DB900EC8665 /* Supporting Files */ = {
			isa = PBXGroup;
			children = (
				AF3029281A562DB900EC8665 /* Info.plist */,
			);
			name = "Supporting Files";
			sourceTree = "<group>";
		};
/* End PBXGroup section */

/* Begin PBXNativeTarget section */
		AF30290D1A562DB800EC8665 /* Postcard */ = {
			isa = PBXNativeTarget;
			buildConfigurationList = AF30292D1A562DB900EC8665 /* Build configuration list for PBXNativeTarget "Postcard" */;
			buildPhases = (
				AF30290A1A562DB800EC8665 /* Sources */,
				AF30290B1A562DB800EC8665 /* Frameworks */,
				AF30290C1A562DB800EC8665 /* Resources */,
			);
			buildRules = (
			);
			dependencies = (
			);
			name = Postcard;
			productName = Postcard;
			productReference = AF30290E1A562DB800EC8665 /* Postcard.app */;
			productType = "com.apple.product-type.application";
		};
		AF3029221A562DB900EC8665 /* PostcardTests */ = {
			isa = PBXNativeTarget;
			buildConfigurationList = AF3029301A562DB900EC8665 /* Build configuration list for PBXNativeTarget "PostcardTests" */;
			buildPhases = (
				AF30291F1A562DB900EC8665 /* Sources */,
				AF3029201A562DB900EC8665 /* Frameworks */,
				AF3029211A562DB900EC8665 /* Resources */,
			);
			buildRules = (
			);
			dependencies = (
				AF3029251A562DB900EC8665 /* PBXTargetDependency */,
			);
			name = PostcardTests;
			productName = PostcardTests;
			productReference = AF3029231A562DB900EC8665 /* PostcardTests.xctest */;
			productType = "com.apple.product-type.bundle.unit-test";
		};
/* End PBXNativeTarget section */

/* Begin PBXProject section */
		AF3029061A562DB800EC8665 /* Project object */ = {
			isa = PBXProject;
			attributes = {
				LastUpgradeCheck = 0610;
				ORGANIZATIONNAME = Visual23;
				TargetAttributes = {
					AF30290D1A562DB800EC8665 = {
						CreatedOnToolsVersion = 6.1;
					};
					AF3029221A562DB900EC8665 = {
						CreatedOnToolsVersion = 6.1;
						TestTargetID = AF30290D1A562DB800EC8665;
					};
				};
			};
			buildConfigurationList = AF3029091A562DB800EC8665 /* Build configuration list for PBXProject "Postcard" */;
			compatibilityVersion = "Xcode 3.2";
			developmentRegion = English;
			hasScannedForEncodings = 0;
			knownRegions = (
				en,
				Base,
			);
			mainGroup = AF3029051A562DB800EC8665;
			productRefGroup = AF30290F1A562DB800EC8665 /* Products */;
			projectDirPath = "";
			projectRoot = "";
			targets = (
				AF30290D1A562DB800EC8665 /* Postcard */,
				AF3029221A562DB900EC8665 /* PostcardTests */,
			);
		};
/* End PBXProject section */

/* Begin PBXResourcesBuildPhase section */
		AF30290C1A562DB800EC8665 /* Resources */ = {
			isa = PBXResourcesBuildPhase;
			buildActionMask = 2147483647;
			files = (
				AF3029191A562DB800EC8665 /* Main.storyboard in Resources */,
				AFEA88031A563638001775F5 /* SagradaFamilia.jpeg in Resources */,
				AFEA88051A563891001775F5 /* AlbertEinsteinStamp.jpg in Resources */,
				AF30291E1A562DB900EC8665 /* LaunchScreen.xib in Resources */,
				AF30291B1A562DB900EC8665 /* Images.xcassets in Resources */,
			);
			runOnlyForDeploymentPostprocessing = 0;
		};
		AF3029211A562DB900EC8665 /* Resources */ = {
			isa = PBXResourcesBuildPhase;
			buildActionMask = 2147483647;
			files = (
			);
			runOnlyForDeploymentPostprocessing = 0;
		};
/* End PBXResourcesBuildPhase section */

/* Begin PBXSourcesBuildPhase section */
		AF30290A1A562DB800EC8665 /* Sources */ = {
			isa = PBXSourcesBuildPhase;
			buildActionMask = 2147483647;
			files = (
				AF3029161A562DB800EC8665 /* ViewController.swift in Sources */,
				AF3029141A562DB800EC8665 /* AppDelegate.swift in Sources */,
			);
			runOnlyForDeploymentPostprocessing = 0;
		};
		AF30291F1A562DB900EC8665 /* Sources */ = {
			isa = PBXSourcesBuildPhase;
			buildActionMask = 2147483647;
			files = (
				AF30292A1A562DB900EC8665 /* PostcardTests.swift in Sources */,
			);
			runOnlyForDeploymentPostprocessing = 0;
		};
/* End PBXSourcesBuildPhase section */

/* Begin PBXTargetDependency section */
		AF3029251A562DB900EC8665 /* PBXTargetDependency */ = {
			isa = PBXTargetDependency;
			target = AF30290D1A562DB800EC8665 /* Postcard */;
			targetProxy = AF3029241A562DB900EC8665 /* PBXContainerItemProxy */;
		};
/* End PBXTargetDependency section */

/* Begin PBXVariantGroup section */
		AF3029171A562DB800EC8665 /* Main.storyboard */ = {
			isa = PBXVariantGroup;
			children = (
				AF3029181A562DB800EC8665 /* Base */,
			);
			name = Main.storyboard;
			sourceTree = "<group>";
		};
		AF30291C1A562DB900EC8665 /* LaunchScreen.xib */ = {
			isa = PBXVariantGroup;
			children = (
				AF30291D1A562DB900EC8665 /* Base */,
			);
			name = LaunchScreen.xib;
			sourceTree = "<group>";
		};
/* End PBXVariantGroup section */

/* Begin XCBuildConfiguration section */
		AF30292B1A562DB900EC8665 /* Debug */ = {
			isa = XCBuildConfiguration;
			buildSettings = {
				ALWAYS_SEARCH_USER_PATHS = NO;
				CLANG_CXX_LANGUAGE_STANDARD = "gnu++0x";
				CLANG_CXX_LIBRARY = "libc++";
				CLANG_ENABLE_MODULES = YES;
				CLANG_ENABLE_OBJC_ARC = YES;
				CLANG_WARN_BOOL_CONVERSION = YES;
				CLANG_WARN_CONSTANT_CONVERSION = YES;
				CLANG_WARN_DIRECT_OBJC_ISA_USAGE = YES_ERROR;
				CLANG_WARN_EMPTY_BODY = YES;
				CLANG_WARN_ENUM_CONVERSION = YES;
				CLANG_WARN_INT_CONVERSION = YES;
				CLANG_WARN_OBJC_ROOT_CLASS = YES_ERROR;
				CLANG_WARN_UNREACHABLE_CODE = YES;
				CLANG_WARN__DUPLICATE_METHOD_MATCH = YES;
				"CODE_SIGN_IDENTITY[sdk=iphoneos*]" = "iPhone Developer";
				COPY_PHASE_STRIP = NO;
				ENABLE_STRICT_OBJC_MSGSEND = YES;
				GCC_C_LANGUAGE_STANDARD = gnu99;
				GCC_DYNAMIC_NO_PIC = NO;
				GCC_OPTIMIZATION_LEVEL = 0;
				GCC_PREPROCESSOR_DEFINITIONS = (
					"DEBUG=1",
					"$(inherited)",
				);
				GCC_SYMBOLS_PRIVATE_EXTERN = NO;
				GCC_WARN_64_TO_32_BIT_CONVERSION = YES;
				GCC_WARN_ABOUT_RETURN_TYPE = YES_ERROR;
				GCC_WARN_UNDECLARED_SELECTOR = YES;
				GCC_WARN_UNINITIALIZED_AUTOS = YES_AGGRESSIVE;
				GCC_WARN_UNUSED_FUNCTION = YES;
				GCC_WARN_UNUSED_VARIABLE = YES;
				IPHONEOS_DEPLOYMENT_TARGET = 8.1;
				MTL_ENABLE_DEBUG_INFO = YES;
				ONLY_ACTIVE_ARCH = YES;
				SDKROOT = iphoneos;
				SWIFT_OPTIMIZATION_LEVEL = "-Onone";
				TARGETED_DEVICE_FAMILY = "1,2";
			};
			name = Debug;
		};
		AF30292C1A562DB900EC8665 /* Release */ = {
			isa = XCBuildConfiguration;
			buildSettings = {
				ALWAYS_SEARCH_USER_PATHS = NO;
				CLANG_CXX_LANGUAGE_STANDARD = "gnu++0x";
				CLANG_CXX_LIBRARY = "libc++";
				CLANG_ENABLE_MODULES = YES;
				CLANG_ENABLE_OBJC_ARC = YES;
				CLANG_WARN_BOOL_CONVERSION = YES;
				CLANG_WARN_CONSTANT_CONVERSION = YES;
				CLANG_WARN_DIRECT_OBJC_ISA_USAGE = YES_ERROR;
				CLANG_WARN_EMPTY_BODY = YES;
				CLANG_WARN_ENUM_CONVERSION = YES;
				CLANG_WARN_INT_CONVERSION = YES;
				CLANG_WARN_OBJC_ROOT_CLASS = YES_ERROR;
				CLANG_WARN_UNREACHABLE_CODE = YES;
				CLANG_WARN__DUPLICATE_METHOD_MATCH = YES;
				"CODE_SIGN_IDENTITY[sdk=iphoneos*]" = "iPhone Developer";
				COPY_PHASE_STRIP = YES;
				ENABLE_NS_ASSERTIONS = NO;
				ENABLE_STRICT_OBJC_MSGSEND = YES;
				GCC_C_LANGUAGE_STANDARD = gnu99;
				GCC_WARN_64_TO_32_BIT_CONVERSION = YES;
				GCC_WARN_ABOUT_RETURN_TYPE = YES_ERROR;
				GCC_WARN_UNDECLARED_SELECTOR = YES;
				GCC_WARN_UNINITIALIZED_AUTOS = YES_AGGRESSIVE;
				GCC_WARN_UNUSED_FUNCTION = YES;
				GCC_WARN_UNUSED_VARIABLE = YES;
				IPHONEOS_DEPLOYMENT_TARGET = 8.1;
				MTL_ENABLE_DEBUG_INFO = NO;
				SDKROOT = iphoneos;
				TARGETED_DEVICE_FAMILY = "1,2";
				VALIDATE_PRODUCT = YES;
			};
			name = Release;
		};
		AF30292E1A562DB900EC8665 /* Debug */ = {
			isa = XCBuildConfiguration;
			buildSettings = {
				ASSETCATALOG_COMPILER_APPICON_NAME = AppIcon;
				INFOPLIST_FILE = Postcard/Info.plist;
				LD_RUNPATH_SEARCH_PATHS = "$(inherited) @executable_path/Frameworks";
				PRODUCT_NAME = "$(TARGET_NAME)";
			};
			name = Debug;
		};
		AF30292F1A562DB900EC8665 /* Release */ = {
			isa = XCBuildConfiguration;
			buildSettings = {
				ASSETCATALOG_COMPILER_APPICON_NAME = AppIcon;
				INFOPLIST_FILE = Postcard/Info.plist;
				LD_RUNPATH_SEARCH_PATHS = "$(inherited) @executable_path/Frameworks";
				PRODUCT_NAME = "$(TARGET_NAME)";
			};
			name = Release;
		};
		AF3029311A562DB900EC8665 /* Debug */ = {
			isa = XCBuildConfiguration;
			buildSettings = {
				BUNDLE_LOADER = "$(TEST_HOST)";
				FRAMEWORK_SEARCH_PATHS = (
					"$(SDKROOT)/Developer/Library/Frameworks",
					"$(inherited)",
				);
				GCC_PREPROCESSOR_DEFINITIONS = (
					"DEBUG=1",
					"$(inherited)",
				);
				INFOPLIST_FILE = PostcardTests/Info.plist;
				LD_RUNPATH_SEARCH_PATHS = "$(inherited) @executable_path/Frameworks @loader_path/Frameworks";
				PRODUCT_NAME = "$(TARGET_NAME)";
				TEST_HOST = "$(BUILT_PRODUCTS_DIR)/Postcard.app/Postcard";
			};
			name = Debug;
		};
		AF3029321A562DB900EC8665 /* Release */ = {
			isa = XCBuildConfiguration;
			buildSettings = {
				BUNDLE_LOADER = "$(TEST_HOST)";
				FRAMEWORK_SEARCH_PATHS = (
					"$(SDKROOT)/Developer/Library/Frameworks",
					"$(inherited)",
				);
				INFOPLIST_FILE = PostcardTests/Info.plist;
				LD_RUNPATH_SEARCH_PATHS = "$(inherited) @executable_path/Frameworks @loader_path/Frameworks";
				PRODUCT_NAME = "$(TARGET_NAME)";
				TEST_HOST = "$(BUILT_PRODUCTS_DIR)/Postcard.app/Postcard";
			};
			name = Release;
		};
/* End XCBuildConfiguration section */

/* Begin XCConfigurationList section */
		AF3029091A562DB800EC8665 /* Build configuration list for PBXProject "Postcard" */ = {
			isa = XCConfigurationList;
			buildConfigurations = (
				AF30292B1A562DB900EC8665 /* Debug */,
				AF30292C1A562DB900EC8665 /* Release */,
			);
			defaultConfigurationIsVisible = 0;
			defaultConfigurationName = Release;
		};
		AF30292D1A562DB900EC8665 /* Build configuration list for PBXNativeTarget "Postcard" */ = {
			isa = XCConfigurationList;
			buildConfigurations = (
				AF30292E1A562DB900EC8665 /* Debug */,
				AF30292F1A562DB900EC8665 /* Release */,
			);
			defaultConfigurationIsVisible = 0;
			defaultConfigurationName = Release;
		};
		AF3029301A562DB900EC8665 /* Build configuration list for PBXNativeTarget "PostcardTests" */ = {
			isa = XCConfigurationList;
			buildConfigurations = (
				AF3029311A562DB900EC8665 /* Debug */,
				AF3029321A562DB900EC8665 /* Release */,
			);
			defaultConfigurationIsVisible = 0;
			defaultConfigurationName = Release;
		};
/* End XCConfigurationList section */
	};
	rootObject = AF3029061A562DB800EC8665 /* Project object */;
}
